
Microsoft Visual Studio Solution File, Format Version 12.00
# Visual Studio Version 16
VisualStudioVersion = 16.0.29411.108
MinimumVisualStudioVersion = 10.0.40219.1
Project("{FAE04EC0-301F-11D3-BF4B-00C04F79EFBC}") = "Analogy.LogViewer.Philips.ICAP", "Analogy.LogViewer.Philips.ICAP\Analogy.LogViewer.Philips.ICAP.csproj", "{46922406-CC5E-46F3-AFC5-6E495BCB1475}"
EndProject
Global
	GlobalSection(SolutionConfigurationPlatforms) = preSolution
		Debug|Any CPU = Debug|Any CPU
		Release|Any CPU = Release|Any CPU
	EndGlobalSection
	GlobalSection(ProjectConfigurationPlatforms) = postSolution
		{46922406-CC5E-46F3-AFC5-6E495BCB1475}.Debug|Any CPU.ActiveCfg = Debug|Any CPU
		{46922406-CC5E-46F3-AFC5-6E495BCB1475}.Debug|Any CPU.Build.0 = Debug|Any CPU
		{46922406-CC5E-46F3-AFC5-6E495BCB1475}.Release|Any CPU.ActiveCfg = Release|Any CPU
		{46922406-CC5E-46F3-AFC5-6E495BCB1475}.Release|Any CPU.Build.0 = Release|Any CPU
	EndGlobalSection
	GlobalSection(SolutionProperties) = preSolution
		HideSolutionNode = FALSE
	EndGlobalSection
	GlobalSection(ExtensibilityGlobals) = postSolution
		SolutionGuid = {D7715745-628D-416A-B6D4-C0F5747D689E}
	EndGlobalSection
EndGlobal
